
Microsoft Visual Studio Solution File, Format Version 12.00
# Visual Studio Version 17
VisualStudioVersion = 17.3.32811.315
MinimumVisualStudioVersion = 10.0.40219.1
Project("{FAE04EC0-301F-11D3-BF4B-00C04F79EFBC}") = "datewhen", "datewhen\datewhen.csproj", "{65825B10-D709-4DAA-9128-829C8B0C458A}"
EndProject
Global
	GlobalSection(SolutionConfigurationPlatforms) = preSolution
		Debug|Any CPU = Debug|Any CPU
		Release|Any CPU = Release|Any CPU
	EndGlobalSection
	GlobalSection(ProjectConfigurationPlatforms) = postSolution
		{65825B10-D709-4DAA-9128-829C8B0C458A}.Debug|Any CPU.ActiveCfg = Debug|Any CPU
		{65825B10-D709-4DAA-9128-829C8B0C458A}.Debug|Any CPU.Build.0 = Debug|Any CPU
		{65825B10-D709-4DAA-9128-829C8B0C458A}.Release|Any CPU.ActiveCfg = Release|Any CPU
		{65825B10-D709-4DAA-9128-829C8B0C458A}.Release|Any CPU.Build.0 = Release|Any CPU
	EndGlobalSection
	GlobalSection(SolutionProperties) = preSolution
		HideSolutionNode = FALSE
	EndGlobalSection
	GlobalSection(ExtensibilityGlobals) = postSolution
		SolutionGuid = {5DCC37C6-B438-439F-86AB-EEDBAB66307B}
	EndGlobalSection
EndGlobal
